
Microsoft Visual Studio Solution File, Format Version 12.00
# Visual Studio 15
VisualStudioVersion = 15.0.26730.3
MinimumVisualStudioVersion = 10.0.40219.1
Project("{9A19103F-16F7-4668-BE54-9A1E7A4F7556}") = "Brambillator.Historiarum.Domain", "Brambillator.Historiarum.Domain\Brambillator.Historiarum.Domain.csproj", "{2F5CB8E7-8DEB-4182-9FAB-0660DEFAE9E7}"
EndProject
Project("{9A19103F-16F7-4668-BE54-9A1E7A4F7556}") = "Brambillator.Historiarum.Repositories", "Brambillator.Historiarum.Repositories\Brambillator.Historiarum.Repositories.csproj", "{7027BB97-5894-4B38-A5CE-2CB4EBBCF664}"
EndProject
Project("{9A19103F-16F7-4668-BE54-9A1E7A4F7556}") = "Brambillator.Historiarum.Service", "Brambillator.Historiarum.Service\Brambillator.Historiarum.Service.csproj", "{58B2E13E-F888-46FB-8FE1-29ECD5BF1D1E}"
EndProject
Project("{FAE04EC0-301F-11D3-BF4B-00C04F79EFBC}") = "Brambillator.Historiarum.Test", "Brambillator.Historiarum.Test\Brambillator.Historiarum.Test.csproj", "{57BEC713-FBF6-4504-ADA7-357817347877}"
EndProject
Global
	GlobalSection(SolutionConfigurationPlatforms) = preSolution
		Debug|Any CPU = Debug|Any CPU
		Release|Any CPU = Release|Any CPU
	EndGlobalSection
	GlobalSection(ProjectConfigurationPlatforms) = postSolution
		{2F5CB8E7-8DEB-4182-9FAB-0660DEFAE9E7}.Debug|Any CPU.ActiveCfg = Debug|Any CPU
		{2F5CB8E7-8DEB-4182-9FAB-0660DEFAE9E7}.Debug|Any CPU.Build.0 = Debug|Any CPU
		{2F5CB8E7-8DEB-4182-9FAB-0660DEFAE9E7}.Release|Any CPU.ActiveCfg = Release|Any CPU
		{2F5CB8E7-8DEB-4182-9FAB-0660DEFAE9E7}.Release|Any CPU.Build.0 = Release|Any CPU
		{7027BB97-5894-4B38-A5CE-2CB4EBBCF664}.Debug|Any CPU.ActiveCfg = Debug|Any CPU
		{7027BB97-5894-4B38-A5CE-2CB4EBBCF664}.Debug|Any CPU.Build.0 = Debug|Any CPU
		{7027BB97-5894-4B38-A5CE-2CB4EBBCF664}.Release|Any CPU.ActiveCfg = Release|Any CPU
		{7027BB97-5894-4B38-A5CE-2CB4EBBCF664}.Release|Any CPU.Build.0 = Release|Any CPU
		{58B2E13E-F888-46FB-8FE1-29ECD5BF1D1E}.Debug|Any CPU.ActiveCfg = Debug|Any CPU
		{58B2E13E-F888-46FB-8FE1-29ECD5BF1D1E}.Debug|Any CPU.Build.0 = Debug|Any CPU
		{58B2E13E-F888-46FB-8FE1-29ECD5BF1D1E}.Release|Any CPU.ActiveCfg = Release|Any CPU
		{58B2E13E-F888-46FB-8FE1-29ECD5BF1D1E}.Release|Any CPU.Build.0 = Release|Any CPU
		{57BEC713-FBF6-4504-ADA7-357817347877}.Debug|Any CPU.ActiveCfg = Debug|Any CPU
		{57BEC713-FBF6-4504-ADA7-357817347877}.Debug|Any CPU.Build.0 = Debug|Any CPU
		{57BEC713-FBF6-4504-ADA7-357817347877}.Release|Any CPU.ActiveCfg = Release|Any CPU
		{57BEC713-FBF6-4504-ADA7-357817347877}.Release|Any CPU.Build.0 = Release|Any CPU
	EndGlobalSection
	GlobalSection(SolutionProperties) = preSolution
		HideSolutionNode = FALSE
	EndGlobalSection
	GlobalSection(ExtensibilityGlobals) = postSolution
		SolutionGuid = {7B929634-B862-4A5D-BFD1-A5FCD4A8BA8D}
	EndGlobalSection
EndGlobal
