
Microsoft Visual Studio Solution File, Format Version 12.00
# Visual Studio 15
VisualStudioVersion = 15.0.26228.4
MinimumVisualStudioVersion = 10.0.40219.1
Project("{FAE04EC0-301F-11D3-BF4B-00C04F79EFBC}") = "Brambillator.Historiarum.Domain", "Brambillator.Historiarum.Domain\Brambillator.Historiarum.Domain.csproj", "{2F5CB8E7-8DEB-4182-9FAB-0660DEFAE9E7}"
EndProject
Project("{FAE04EC0-301F-11D3-BF4B-00C04F79EFBC}") = "Brambillator.Historiarum.Repositories", "Brambillator.Historiarum.Repositories\Brambillator.Historiarum.Repositories.csproj", "{7027BB97-5894-4B38-A5CE-2CB4EBBCF664}"
EndProject
Project("{FAE04EC0-301F-11D3-BF4B-00C04F79EFBC}") = "Brambillator.Historiarum.Service", "Brambillator.Historiarum.Service\Brambillator.Historiarum.Service.csproj", "{58B2E13E-F888-46FB-8FE1-29ECD5BF1D1E}"
EndProject
Global
	GlobalSection(SolutionConfigurationPlatforms) = preSolution
		Debug|Any CPU = Debug|Any CPU
		Release|Any CPU = Release|Any CPU
	EndGlobalSection
	GlobalSection(ProjectConfigurationPlatforms) = postSolution
		{2F5CB8E7-8DEB-4182-9FAB-0660DEFAE9E7}.Debug|Any CPU.ActiveCfg = Debug|Any CPU
		{2F5CB8E7-8DEB-4182-9FAB-0660DEFAE9E7}.Debug|Any CPU.Build.0 = Debug|Any CPU
		{2F5CB8E7-8DEB-4182-9FAB-0660DEFAE9E7}.Release|Any CPU.ActiveCfg = Release|Any CPU
		{2F5CB8E7-8DEB-4182-9FAB-0660DEFAE9E7}.Release|Any CPU.Build.0 = Release|Any CPU
		{7027BB97-5894-4B38-A5CE-2CB4EBBCF664}.Debug|Any CPU.ActiveCfg = Debug|Any CPU
		{7027BB97-5894-4B38-A5CE-2CB4EBBCF664}.Debug|Any CPU.Build.0 = Debug|Any CPU
		{7027BB97-5894-4B38-A5CE-2CB4EBBCF664}.Release|Any CPU.ActiveCfg = Release|Any CPU
		{7027BB97-5894-4B38-A5CE-2CB4EBBCF664}.Release|Any CPU.Build.0 = Release|Any CPU
		{58B2E13E-F888-46FB-8FE1-29ECD5BF1D1E}.Debug|Any CPU.ActiveCfg = Debug|Any CPU
		{58B2E13E-F888-46FB-8FE1-29ECD5BF1D1E}.Debug|Any CPU.Build.0 = Debug|Any CPU
		{58B2E13E-F888-46FB-8FE1-29ECD5BF1D1E}.Release|Any CPU.ActiveCfg = Release|Any CPU
		{58B2E13E-F888-46FB-8FE1-29ECD5BF1D1E}.Release|Any CPU.Build.0 = Release|Any CPU
	EndGlobalSection
	GlobalSection(SolutionProperties) = preSolution
		HideSolutionNode = FALSE
	EndGlobalSection
EndGlobal
